
Microsoft Visual Studio Solution File, Format Version 12.00
# Visual Studio Version 17
VisualStudioVersion = 17.0.31903.59
MinimumVisualStudioVersion = 10.0.40219.1
Project("{9A19103F-16F7-4668-BE54-9A1E7A4F7556}") = "CubicBot.Telegram", "CubicBot.Telegram\CubicBot.Telegram.csproj", "{997C0DEC-6193-480D-9317-16053D8AD5FA}"
EndProject
Project("{9A19103F-16F7-4668-BE54-9A1E7A4F7556}") = "CubicBot.Telegram.Tests", "CubicBot.Telegram.Tests\CubicBot.Telegram.Tests.csproj", "{A4BCE05E-2876-459D-936C-B2A99F074AF7}"
EndProject
Global
	GlobalSection(SolutionConfigurationPlatforms) = preSolution
		Debug|Any CPU = Debug|Any CPU
		Release|Any CPU = Release|Any CPU
	EndGlobalSection
	GlobalSection(ProjectConfigurationPlatforms) = postSolution
		{997C0DEC-6193-480D-9317-16053D8AD5FA}.Debug|Any CPU.ActiveCfg = Debug|Any CPU
		{997C0DEC-6193-480D-9317-16053D8AD5FA}.Debug|Any CPU.Build.0 = Debug|Any CPU
		{997C0DEC-6193-480D-9317-16053D8AD5FA}.Release|Any CPU.ActiveCfg = Release|Any CPU
		{997C0DEC-6193-480D-9317-16053D8AD5FA}.Release|Any CPU.Build.0 = Release|Any CPU
		{A4BCE05E-2876-459D-936C-B2A99F074AF7}.Debug|Any CPU.ActiveCfg = Debug|Any CPU
		{A4BCE05E-2876-459D-936C-B2A99F074AF7}.Debug|Any CPU.Build.0 = Debug|Any CPU
		{A4BCE05E-2876-459D-936C-B2A99F074AF7}.Release|Any CPU.ActiveCfg = Release|Any CPU
		{A4BCE05E-2876-459D-936C-B2A99F074AF7}.Release|Any CPU.Build.0 = Release|Any CPU
	EndGlobalSection
	GlobalSection(SolutionProperties) = preSolution
		HideSolutionNode = FALSE
	EndGlobalSection
	GlobalSection(ExtensibilityGlobals) = postSolution
		SolutionGuid = {A6F7D109-078E-4A44-B865-261AD0A43A78}
	EndGlobalSection
EndGlobal
